
Microsoft Visual Studio Solution File, Format Version 12.00
# Visual Studio 15
VisualStudioVersion = 15.0.28307.902
MinimumVisualStudioVersion = 10.0.40219.1
Project("{FAE04EC0-301F-11D3-BF4B-00C04F79EFBC}") = "MaiTheBao_TranTanPhat_QuanLyThuVien", "MaiTheBao_TranTanPhat_QuanLyThuVien\MaiTheBao_TranTanPhat_QuanLyThuVien.csproj", "{60102BE7-598A-45C2-85A8-BE71DF6F9B0E}"
EndProject
Global
	GlobalSection(SolutionConfigurationPlatforms) = preSolution
		Debug|Any CPU = Debug|Any CPU
		Release|Any CPU = Release|Any CPU
	EndGlobalSection
	GlobalSection(ProjectConfigurationPlatforms) = postSolution
		{60102BE7-598A-45C2-85A8-BE71DF6F9B0E}.Debug|Any CPU.ActiveCfg = Debug|Any CPU
		{60102BE7-598A-45C2-85A8-BE71DF6F9B0E}.Debug|Any CPU.Build.0 = Debug|Any CPU
		{60102BE7-598A-45C2-85A8-BE71DF6F9B0E}.Release|Any CPU.ActiveCfg = Release|Any CPU
		{60102BE7-598A-45C2-85A8-BE71DF6F9B0E}.Release|Any CPU.Build.0 = Release|Any CPU
	EndGlobalSection
	GlobalSection(SolutionProperties) = preSolution
		HideSolutionNode = FALSE
	EndGlobalSection
	GlobalSection(ExtensibilityGlobals) = postSolution
		SolutionGuid = {6DDCC278-9EB5-46E2-985E-E0403649FE15}
	EndGlobalSection
EndGlobal
